
Microsoft Visual Studio Solution File, Format Version 12.00
# Visual Studio Version 17
VisualStudioVersion = 17.6.33829.357
MinimumVisualStudioVersion = 10.0.40219.1
Project("{9A19103F-16F7-4668-BE54-9A1E7A4F7556}") = "DialogService.UI.Shell", "DialogService.UI.Shell\DialogService.UI.Shell.csproj", "{AE1C80BC-2824-4950-9312-3338B737F1DC}"
EndProject
Project("{9A19103F-16F7-4668-BE54-9A1E7A4F7556}") = "DialogService.UI.Module", "DialogService.UI.Module\DialogService.UI.Module.csproj", "{465E6738-C009-4BF2-BBDA-2C4AB0944FFB}"
EndProject
Project("{9A19103F-16F7-4668-BE54-9A1E7A4F7556}") = "DialogService.Core", "DialogService.Core\DialogService.Core.csproj", "{99E212EF-9686-420E-89A8-0C9814622B6C}"
EndProject
Project("{2150E333-8FDC-42A3-9474-1A3956D46DE8}") = "Modules", "Modules", "{A1E9E89B-A603-41B6-BBED-E0B585A4B0B5}"
EndProject
Project("{2150E333-8FDC-42A3-9474-1A3956D46DE8}") = "Services", "Services", "{F45BF33E-A894-4787-BE95-6289CCC73C14}"
EndProject
Project("{FAE04EC0-301F-11D3-BF4B-00C04F79EFBC}") = "DialogService.Services.Interfaces", "DialogService.Services.Interfaces\DialogService.Services.Interfaces.csproj", "{709B1E0C-B5E5-47BF-8636-55546A5A836A}"
EndProject
Project("{FAE04EC0-301F-11D3-BF4B-00C04F79EFBC}") = "DialogService.Services.DialogService", "DialogService.Services.DialogService\DialogService.Services.DialogService.csproj", "{CD140900-7CCD-4242-BD5A-FC9274B88EE8}"
EndProject
Global
	GlobalSection(SolutionConfigurationPlatforms) = preSolution
		Debug|Any CPU = Debug|Any CPU
		Release|Any CPU = Release|Any CPU
	EndGlobalSection
	GlobalSection(ProjectConfigurationPlatforms) = postSolution
		{AE1C80BC-2824-4950-9312-3338B737F1DC}.Debug|Any CPU.ActiveCfg = Debug|Any CPU
		{AE1C80BC-2824-4950-9312-3338B737F1DC}.Debug|Any CPU.Build.0 = Debug|Any CPU
		{AE1C80BC-2824-4950-9312-3338B737F1DC}.Release|Any CPU.ActiveCfg = Release|Any CPU
		{AE1C80BC-2824-4950-9312-3338B737F1DC}.Release|Any CPU.Build.0 = Release|Any CPU
		{465E6738-C009-4BF2-BBDA-2C4AB0944FFB}.Debug|Any CPU.ActiveCfg = Debug|Any CPU
		{465E6738-C009-4BF2-BBDA-2C4AB0944FFB}.Debug|Any CPU.Build.0 = Debug|Any CPU
		{465E6738-C009-4BF2-BBDA-2C4AB0944FFB}.Release|Any CPU.ActiveCfg = Release|Any CPU
		{465E6738-C009-4BF2-BBDA-2C4AB0944FFB}.Release|Any CPU.Build.0 = Release|Any CPU
		{99E212EF-9686-420E-89A8-0C9814622B6C}.Debug|Any CPU.ActiveCfg = Debug|Any CPU
		{99E212EF-9686-420E-89A8-0C9814622B6C}.Debug|Any CPU.Build.0 = Debug|Any CPU
		{99E212EF-9686-420E-89A8-0C9814622B6C}.Release|Any CPU.ActiveCfg = Release|Any CPU
		{99E212EF-9686-420E-89A8-0C9814622B6C}.Release|Any CPU.Build.0 = Release|Any CPU
		{709B1E0C-B5E5-47BF-8636-55546A5A836A}.Debug|Any CPU.ActiveCfg = Debug|Any CPU
		{709B1E0C-B5E5-47BF-8636-55546A5A836A}.Debug|Any CPU.Build.0 = Debug|Any CPU
		{709B1E0C-B5E5-47BF-8636-55546A5A836A}.Release|Any CPU.ActiveCfg = Release|Any CPU
		{709B1E0C-B5E5-47BF-8636-55546A5A836A}.Release|Any CPU.Build.0 = Release|Any CPU
		{CD140900-7CCD-4242-BD5A-FC9274B88EE8}.Debug|Any CPU.ActiveCfg = Debug|Any CPU
		{CD140900-7CCD-4242-BD5A-FC9274B88EE8}.Debug|Any CPU.Build.0 = Debug|Any CPU
		{CD140900-7CCD-4242-BD5A-FC9274B88EE8}.Release|Any CPU.ActiveCfg = Release|Any CPU
		{CD140900-7CCD-4242-BD5A-FC9274B88EE8}.Release|Any CPU.Build.0 = Release|Any CPU
	EndGlobalSection
	GlobalSection(SolutionProperties) = preSolution
		HideSolutionNode = FALSE
	EndGlobalSection
	GlobalSection(NestedProjects) = preSolution
		{465E6738-C009-4BF2-BBDA-2C4AB0944FFB} = {A1E9E89B-A603-41B6-BBED-E0B585A4B0B5}
		{709B1E0C-B5E5-47BF-8636-55546A5A836A} = {F45BF33E-A894-4787-BE95-6289CCC73C14}
		{CD140900-7CCD-4242-BD5A-FC9274B88EE8} = {F45BF33E-A894-4787-BE95-6289CCC73C14}
	EndGlobalSection
	GlobalSection(ExtensibilityGlobals) = postSolution
		SolutionGuid = {0D51FC2E-7A13-4A2B-A338-BF4C378233AB}
	EndGlobalSection
EndGlobal
